
Microsoft Visual Studio Solution File, Format Version 12.00
# Visual Studio Version 17
VisualStudioVersion = 17.7.34024.191
MinimumVisualStudioVersion = 10.0.40219.1
Project("{FAE04EC0-301F-11D3-BF4B-00C04F79EFBC}") = "WebApplicationDB", "WebApplicationDB\WebApplicationDB.csproj", "{7B993CD4-49CA-4320-8346-9C885F471A23}"
EndProject
Global
	GlobalSection(SolutionConfigurationPlatforms) = preSolution
		Debug|Any CPU = Debug|Any CPU
		Release|Any CPU = Release|Any CPU
	EndGlobalSection
	GlobalSection(ProjectConfigurationPlatforms) = postSolution
		{7B993CD4-49CA-4320-8346-9C885F471A23}.Debug|Any CPU.ActiveCfg = Debug|Any CPU
		{7B993CD4-49CA-4320-8346-9C885F471A23}.Debug|Any CPU.Build.0 = Debug|Any CPU
		{7B993CD4-49CA-4320-8346-9C885F471A23}.Release|Any CPU.ActiveCfg = Release|Any CPU
		{7B993CD4-49CA-4320-8346-9C885F471A23}.Release|Any CPU.Build.0 = Release|Any CPU
	EndGlobalSection
	GlobalSection(SolutionProperties) = preSolution
		HideSolutionNode = FALSE
	EndGlobalSection
	GlobalSection(ExtensibilityGlobals) = postSolution
		SolutionGuid = {E9BF900A-B587-4403-B97B-A12622C3FE6E}
	EndGlobalSection
EndGlobal
